// !$*UTF8*$!
{
	archiveVersion = 1;
	classes = {
	};
	objectVersion = 54;
	objects = {

/* Begin PBXBuildFile section */
		30D150BBE4D286CC7E0FB130 /* Pods_Going_Zero.framework in Frameworks */ = {isa = PBXBuildFile; fileRef = BF8F06F4F560999564F14CDB /* Pods_Going_Zero.framework */; };
		EB18F7712666535A00EB0E73 /* MiniFader.m in Sources */ = {isa = PBXBuildFile; fileRef = EB18F7702666535A00EB0E73 /* MiniFader.m */; };
		EB18F7742669077E00EB0E73 /* WaveView.m in Sources */ = {isa = PBXBuildFile; fileRef = EB18F7732669077E00EB0E73 /* WaveView.m */; };
		EB18F777266907B400EB0E73 /* Viewer.m in Sources */ = {isa = PBXBuildFile; fileRef = EB18F776266907B400EB0E73 /* Viewer.m */; };
		EB18F77D266A6E7100EB0E73 /* Looper.m in Sources */ = {isa = PBXBuildFile; fileRef = EB18F77C266A6E7100EB0E73 /* Looper.m */; };
		EB274C10266B9D7A004485FC /* BitCrasher.m in Sources */ = {isa = PBXBuildFile; fileRef = EB274C0F266B9D7A004485FC /* BitCrasher.m */; };
		EB274C14266B9F69004485FC /* BitCrasherController.m in Sources */ = {isa = PBXBuildFile; fileRef = EB274C12266B9F69004485FC /* BitCrasherController.m */; };
		EB274C15266B9F69004485FC /* BitCrasherController.xib in Resources */ = {isa = PBXBuildFile; fileRef = EB274C13266B9F69004485FC /* BitCrasherController.xib */; };
		EB36739F2A7BFD73006A2955 /* libessentia.a in Frameworks */ = {isa = PBXBuildFile; fileRef = EB36739E2A7BF7F1006A2955 /* libessentia.a */; };
		EB3673A32A7C062C006A2955 /* CoreMedia.framework in Frameworks */ = {isa = PBXBuildFile; fileRef = EB3673A22A7C062C006A2955 /* CoreMedia.framework */; };
		EB3673A52A7C063B006A2955 /* VideoToolbox.framework in Frameworks */ = {isa = PBXBuildFile; fileRef = EB3673A42A7C063B006A2955 /* VideoToolbox.framework */; };
		EB3673A82A7D3CA0006A2955 /* BeatTracker.mm in Sources */ = {isa = PBXBuildFile; fileRef = EB3673A72A7D3CA0006A2955 /* BeatTracker.mm */; };
		EB37910B2768D66100AC37D0 /* SimpleReverb.m in Sources */ = {isa = PBXBuildFile; fileRef = EB37910A2768D66100AC37D0 /* SimpleReverb.m */; };
		EB37910F2768D68100AC37D0 /* SimpleReverbController.m in Sources */ = {isa = PBXBuildFile; fileRef = EB37910D2768D68100AC37D0 /* SimpleReverbController.m */; };
		EB3791102768D68100AC37D0 /* SimpleReverbController.xib in Resources */ = {isa = PBXBuildFile; fileRef = EB37910E2768D68100AC37D0 /* SimpleReverbController.xib */; };
		EB379113276F491400AC37D0 /* ConvolutionReverb.mm in Sources */ = {isa = PBXBuildFile; fileRef = EB379112276F491400AC37D0 /* ConvolutionReverb.mm */; };
		EB379115276F4B9F00AC37D0 /* AudioToolbox.framework in Frameworks */ = {isa = PBXBuildFile; fileRef = EB379114276F4B9F00AC37D0 /* AudioToolbox.framework */; platformFilter = maccatalyst; };
		EB379119276F5A8B00AC37D0 /* ConvolutionReverbController.m in Sources */ = {isa = PBXBuildFile; fileRef = EB379117276F5A8B00AC37D0 /* ConvolutionReverbController.m */; };
		EB37911A276F5A8B00AC37D0 /* ConvolutionReverbController.xib in Resources */ = {isa = PBXBuildFile; fileRef = EB379118276F5A8B00AC37D0 /* ConvolutionReverbController.xib */; };
		EB37911D2771CD8800AC37D0 /* RateConverter.m in Sources */ = {isa = PBXBuildFile; fileRef = EB37911C2771CD8800AC37D0 /* RateConverter.m */; };
		EB652EDE266E00D000089E3E /* TapeReverseController.m in Sources */ = {isa = PBXBuildFile; fileRef = EB652EDC266E00D000089E3E /* TapeReverseController.m */; };
		EB652EDF266E00D000089E3E /* TapeReverseController.xib in Resources */ = {isa = PBXBuildFile; fileRef = EB652EDD266E00D000089E3E /* TapeReverseController.xib */; };
		EB652EE2266E00E300089E3E /* TapeReverse.m in Sources */ = {isa = PBXBuildFile; fileRef = EB652EE1266E00E300089E3E /* TapeReverse.m */; };
		EB6E386326623E4A002AADCA /* AppDelegate.m in Sources */ = {isa = PBXBuildFile; fileRef = EB6E386226623E4A002AADCA /* AppDelegate.m */; };
		EB6E386526623E4B002AADCA /* Assets.xcassets in Resources */ = {isa = PBXBuildFile; fileRef = EB6E386426623E4B002AADCA /* Assets.xcassets */; };
		EB6E386826623E4B002AADCA /* MainMenu.xib in Resources */ = {isa = PBXBuildFile; fileRef = EB6E386626623E4B002AADCA /* MainMenu.xib */; };
		EB6E386B26623E4B002AADCA /* main.m in Sources */ = {isa = PBXBuildFile; fileRef = EB6E386A26623E4B002AADCA /* main.m */; };
		EB6E387426623F2F002AADCA /* AppController.mm in Sources */ = {isa = PBXBuildFile; fileRef = EB6E387326623F2F002AADCA /* AppController.mm */; };
		EB6E387726623F83002AADCA /* AudioEngine.m in Sources */ = {isa = PBXBuildFile; fileRef = EB6E387626623F83002AADCA /* AudioEngine.m */; };
		EB6E387A26624089002AADCA /* RingBuffer.m in Sources */ = {isa = PBXBuildFile; fileRef = EB6E387926624089002AADCA /* RingBuffer.m */; };
		EB6E387F266240C1002AADCA /* TurnTableView.m in Sources */ = {isa = PBXBuildFile; fileRef = EB6E387B266240BF002AADCA /* TurnTableView.m */; };
		EB6E3880266240C1002AADCA /* RingView.m in Sources */ = {isa = PBXBuildFile; fileRef = EB6E387C266240BF002AADCA /* RingView.m */; };
		EB6E388326627C90002AADCA /* TrillReverse.m in Sources */ = {isa = PBXBuildFile; fileRef = EB6E388226627C90002AADCA /* TrillReverse.m */; };
		EB70011C2691D022007F88EE /* FlangerController.m in Sources */ = {isa = PBXBuildFile; fileRef = EB70011A2691D022007F88EE /* FlangerController.m */; };
		EB70011D2691D022007F88EE /* FlangerController.xib in Resources */ = {isa = PBXBuildFile; fileRef = EB70011B2691D022007F88EE /* FlangerController.xib */; };
		EB7001202691D038007F88EE /* Flanger.m in Sources */ = {isa = PBXBuildFile; fileRef = EB70011F2691D038007F88EE /* Flanger.m */; };
		EB7372B6266530F600393D58 /* Freezer.m in Sources */ = {isa = PBXBuildFile; fileRef = EB7372B5266530F600393D58 /* Freezer.m */; };
		EB7DDCC22B4955AD00D72E9A /* MainMenu2.xib in Resources */ = {isa = PBXBuildFile; fileRef = EB7DDCC12B4955AD00D72E9A /* MainMenu2.xib */; };
		EB822D572A1D657E00FAA9B5 /* Lookup.m in Sources */ = {isa = PBXBuildFile; fileRef = EB822D562A1D657E00FAA9B5 /* Lookup.m */; };
		EBAA80942678DF3000809C1D /* QuickCueController.m in Sources */ = {isa = PBXBuildFile; fileRef = EBAA80922678DF3000809C1D /* QuickCueController.m */; };
		EBAA80952678DF3000809C1D /* QuickCueController.xib in Resources */ = {isa = PBXBuildFile; fileRef = EBAA80932678DF3000809C1D /* QuickCueController.xib */; };
		EBAA80982678E00D00809C1D /* QuickCue.m in Sources */ = {isa = PBXBuildFile; fileRef = EBAA80972678E00D00809C1D /* QuickCue.m */; };
		EBBF46D62675D45100785BF6 /* ReverseController.m in Sources */ = {isa = PBXBuildFile; fileRef = EBBF46D42675D45100785BF6 /* ReverseController.m */; };
		EBBF46D72675D45100785BF6 /* ReverseController.xib in Resources */ = {isa = PBXBuildFile; fileRef = EBBF46D52675D45100785BF6 /* ReverseController.xib */; };
		EBBF46DA2675D4AF00785BF6 /* Reverse.m in Sources */ = {isa = PBXBuildFile; fileRef = EBBF46D92675D4AF00785BF6 /* Reverse.m */; };
		EBBF46DD2676171D00785BF6 /* ReverseTurntableView.m in Sources */ = {isa = PBXBuildFile; fileRef = EBBF46DC2676171D00785BF6 /* ReverseTurntableView.m */; };
		EBC1916B2A21AC3700E13D95 /* LookUpController.m in Sources */ = {isa = PBXBuildFile; fileRef = EBC191692A21AC3700E13D95 /* LookUpController.m */; };
		EBC1916C2A21AC3700E13D95 /* LookUpController.xib in Resources */ = {isa = PBXBuildFile; fileRef = EBC1916A2A21AC3700E13D95 /* LookUpController.xib */; };
		EBC22F542A2CDD3D001CB3DA /* TouchView.m in Sources */ = {isa = PBXBuildFile; fileRef = EBC22F532A2CDD3D001CB3DA /* TouchView.m */; };
		EBD7C6FE275E54D8009A61DA /* RandomController.m in Sources */ = {isa = PBXBuildFile; fileRef = EBD7C6FC275E54D8009A61DA /* RandomController.m */; };
		EBD7C6FF275E54D8009A61DA /* RandomController.xib in Resources */ = {isa = PBXBuildFile; fileRef = EBD7C6FD275E54D8009A61DA /* RandomController.xib */; };
		EBD7C702275E54F2009A61DA /* Random.m in Sources */ = {isa = PBXBuildFile; fileRef = EBD7C701275E54F2009A61DA /* Random.m */; };
		EBDA9A3C273D4BA700836273 /* MainViewController.m in Sources */ = {isa = PBXBuildFile; fileRef = EBDA9A3B273D4BA700836273 /* MainViewController.m */; };
		EBDA9A43273F867E00836273 /* LPF_IIR.m in Sources */ = {isa = PBXBuildFile; fileRef = EBDA9A3E273F867A00836273 /* LPF_IIR.m */; };
		EBDA9A44273F867E00836273 /* DJFilter.m in Sources */ = {isa = PBXBuildFile; fileRef = EBDA9A40273F867C00836273 /* DJFilter.m */; };
		EBDA9A45273F867E00836273 /* HPF_IIR.m in Sources */ = {isa = PBXBuildFile; fileRef = EBDA9A42273F867E00836273 /* HPF_IIR.m */; };
		EBDA9A492740A9E500836273 /* SamplerController.m in Sources */ = {isa = PBXBuildFile; fileRef = EBDA9A472740A9E500836273 /* SamplerController.m */; };
		EBDA9A4A2740A9E500836273 /* SamplerController.xib in Resources */ = {isa = PBXBuildFile; fileRef = EBDA9A482740A9E500836273 /* SamplerController.xib */; };
		EBDA9A4D2740AA8600836273 /* Sampler.m in Sources */ = {isa = PBXBuildFile; fileRef = EBDA9A4C2740AA8600836273 /* Sampler.m */; };
		EBDA9A7127488DA400836273 /* CFNetwork.framework in Frameworks */ = {isa = PBXBuildFile; fileRef = EBDA9A7027488DA400836273 /* CFNetwork.framework */; };
		EBDA9A7327488DC600836273 /* Security.framework in Frameworks */ = {isa = PBXBuildFile; fileRef = EBDA9A7227488DC600836273 /* Security.framework */; };
		EBEC8C72266313C400257694 /* Bender.m in Sources */ = {isa = PBXBuildFile; fileRef = EBEC8C71266313C400257694 /* Bender.m */; };
		EBF93D0E266AA076001B13F3 /* DJFilterController.xib in Resources */ = {isa = PBXBuildFile; fileRef = EBF93D0D266AA076001B13F3 /* DJFilterController.xib */; };
		EBF93D11266AA184001B13F3 /* DJFilterController.m in Sources */ = {isa = PBXBuildFile; fileRef = EBF93D10266AA184001B13F3 /* DJFilterController.m */; };
		EBF93D1A266AE709001B13F3 /* MyButton.m in Sources */ = {isa = PBXBuildFile; fileRef = EBF93D19266AE709001B13F3 /* MyButton.m */; };
		EBF93D1C266B164F001B13F3 /* RefrainView.xib in Resources */ = {isa = PBXBuildFile; fileRef = EBF93D1B266B164F001B13F3 /* RefrainView.xib */; };
		EBF93D1F266B168D001B13F3 /* RefrainController.m in Sources */ = {isa = PBXBuildFile; fileRef = EBF93D1E266B168D001B13F3 /* RefrainController.m */; };
		EBF93D22266B215E001B13F3 /* Refrain.m in Sources */ = {isa = PBXBuildFile; fileRef = EBF93D21266B215E001B13F3 /* Refrain.m */; };
		EBFE0A4C2A7FD5B300F88A78 /* BeatTrackerController.m in Sources */ = {isa = PBXBuildFile; fileRef = EBFE0A4A2A7FD5B300F88A78 /* BeatTrackerController.m */; };
		EBFE0A4D2A7FD5B300F88A78 /* BeatTrackerController.xib in Resources */ = {isa = PBXBuildFile; fileRef = EBFE0A4B2A7FD5B300F88A78 /* BeatTrackerController.xib */; };
		EBFE0A502A7FD76700F88A78 /* BeatView.m in Sources */ = {isa = PBXBuildFile; fileRef = EBFE0A4F2A7FD76700F88A78 /* BeatView.m */; };
/* End PBXBuildFile section */

/* Begin PBXFileReference section */
		3636DE1F11DA5B51B887C549 /* Pods-Going Zero.release.xcconfig */ = {isa = PBXFileReference; includeInIndex = 1; lastKnownFileType = text.xcconfig; name = "Pods-Going Zero.release.xcconfig"; path = "Target Support Files/Pods-Going Zero/Pods-Going Zero.release.xcconfig"; sourceTree = "<group>"; };
		60C2A1564451012BB2F274A6 /* Pods-Going Zero.debug.xcconfig */ = {isa = PBXFileReference; includeInIndex = 1; lastKnownFileType = text.xcconfig; name = "Pods-Going Zero.debug.xcconfig"; path = "Target Support Files/Pods-Going Zero/Pods-Going Zero.debug.xcconfig"; sourceTree = "<group>"; };
		BF8F06F4F560999564F14CDB /* Pods_Going_Zero.framework */ = {isa = PBXFileReference; explicitFileType = wrapper.framework; includeInIndex = 0; path = Pods_Going_Zero.framework; sourceTree = BUILT_PRODUCTS_DIR; };
		EB18F76F2666535A00EB0E73 /* MiniFader.h */ = {isa = PBXFileReference; lastKnownFileType = sourcecode.c.h; path = MiniFader.h; sourceTree = "<group>"; };
		EB18F7702666535A00EB0E73 /* MiniFader.m */ = {isa = PBXFileReference; lastKnownFileType = sourcecode.c.objc; path = MiniFader.m; sourceTree = "<group>"; };
		EB18F7722669077E00EB0E73 /* WaveView.h */ = {isa = PBXFileReference; lastKnownFileType = sourcecode.c.h; path = WaveView.h; sourceTree = "<group>"; };
		EB18F7732669077E00EB0E73 /* WaveView.m */ = {isa = PBXFileReference; lastKnownFileType = sourcecode.c.objc; path = WaveView.m; sourceTree = "<group>"; };
		EB18F775266907B400EB0E73 /* Viewer.h */ = {isa = PBXFileReference; lastKnownFileType = sourcecode.c.h; path = Viewer.h; sourceTree = "<group>"; };
		EB18F776266907B400EB0E73 /* Viewer.m */ = {isa = PBXFileReference; lastKnownFileType = sourcecode.c.objc; path = Viewer.m; sourceTree = "<group>"; };
		EB18F77B266A6E7100EB0E73 /* Looper.h */ = {isa = PBXFileReference; lastKnownFileType = sourcecode.c.h; path = Looper.h; sourceTree = "<group>"; };
		EB18F77C266A6E7100EB0E73 /* Looper.m */ = {isa = PBXFileReference; lastKnownFileType = sourcecode.c.objc; path = Looper.m; sourceTree = "<group>"; };
		EB274C0E266B9D7A004485FC /* BitCrasher.h */ = {isa = PBXFileReference; lastKnownFileType = sourcecode.c.h; path = BitCrasher.h; sourceTree = "<group>"; };
		EB274C0F266B9D7A004485FC /* BitCrasher.m */ = {isa = PBXFileReference; lastKnownFileType = sourcecode.c.objc; path = BitCrasher.m; sourceTree = "<group>"; };
		EB274C11266B9F69004485FC /* BitCrasherController.h */ = {isa = PBXFileReference; lastKnownFileType = sourcecode.c.h; path = BitCrasherController.h; sourceTree = "<group>"; };
		EB274C12266B9F69004485FC /* BitCrasherController.m */ = {isa = PBXFileReference; lastKnownFileType = sourcecode.c.objc; path = BitCrasherController.m; sourceTree = "<group>"; };
		EB274C13266B9F69004485FC /* BitCrasherController.xib */ = {isa = PBXFileReference; lastKnownFileType = file.xib; path = BitCrasherController.xib; sourceTree = "<group>"; };
		EB36739E2A7BF7F1006A2955 /* libessentia.a */ = {isa = PBXFileReference; lastKnownFileType = archive.ar; name = libessentia.a; path = ../../../../usr/local/lib/libessentia.a; sourceTree = "<group>"; };
		EB3673A02A7BFD97006A2955 /* libfftw3f.a */ = {isa = PBXFileReference; lastKnownFileType = archive.ar; name = libfftw3f.a; path = ../../../../opt/homebrew/lib/libfftw3f.a; sourceTree = "<group>"; };
		EB3673A22A7C062C006A2955 /* CoreMedia.framework */ = {isa = PBXFileReference; lastKnownFileType = wrapper.framework; name = CoreMedia.framework; path = System/Library/Frameworks/CoreMedia.framework; sourceTree = SDKROOT; };
		EB3673A42A7C063B006A2955 /* VideoToolbox.framework */ = {isa = PBXFileReference; lastKnownFileType = wrapper.framework; name = VideoToolbox.framework; path = System/Library/Frameworks/VideoToolbox.framework; sourceTree = SDKROOT; };
		EB3673A62A7D3CA0006A2955 /* BeatTracker.h */ = {isa = PBXFileReference; lastKnownFileType = sourcecode.c.h; path = BeatTracker.h; sourceTree = "<group>"; };
		EB3673A72A7D3CA0006A2955 /* BeatTracker.mm */ = {isa = PBXFileReference; lastKnownFileType = sourcecode.cpp.objcpp; path = BeatTracker.mm; sourceTree = "<group>"; };
		EB3791092768D66100AC37D0 /* SimpleReverb.h */ = {isa = PBXFileReference; lastKnownFileType = sourcecode.c.h; path = SimpleReverb.h; sourceTree = "<group>"; };
		EB37910A2768D66100AC37D0 /* SimpleReverb.m */ = {isa = PBXFileReference; lastKnownFileType = sourcecode.c.objc; path = SimpleReverb.m; sourceTree = "<group>"; };
		EB37910C2768D68100AC37D0 /* SimpleReverbController.h */ = {isa = PBXFileReference; lastKnownFileType = sourcecode.c.h; path = SimpleReverbController.h; sourceTree = "<group>"; };
		EB37910D2768D68100AC37D0 /* SimpleReverbController.m */ = {isa = PBXFileReference; lastKnownFileType = sourcecode.c.objc; path = SimpleReverbController.m; sourceTree = "<group>"; };
		EB37910E2768D68100AC37D0 /* SimpleReverbController.xib */ = {isa = PBXFileReference; lastKnownFileType = file.xib; path = SimpleReverbController.xib; sourceTree = "<group>"; };
		EB379111276F491400AC37D0 /* ConvolutionReverb.h */ = {isa = PBXFileReference; lastKnownFileType = sourcecode.c.h; path = ConvolutionReverb.h; sourceTree = "<group>"; };
		EB379112276F491400AC37D0 /* ConvolutionReverb.mm */ = {isa = PBXFileReference; lastKnownFileType = sourcecode.cpp.objcpp; path = ConvolutionReverb.mm; sourceTree = "<group>"; };
		EB379114276F4B9F00AC37D0 /* AudioToolbox.framework */ = {isa = PBXFileReference; lastKnownFileType = wrapper.framework; name = AudioToolbox.framework; path = System/Library/Frameworks/AudioToolbox.framework; sourceTree = SDKROOT; };
		EB379116276F5A8B00AC37D0 /* ConvolutionReverbController.h */ = {isa = PBXFileReference; lastKnownFileType = sourcecode.c.h; path = ConvolutionReverbController.h; sourceTree = "<group>"; };
		EB379117276F5A8B00AC37D0 /* ConvolutionReverbController.m */ = {isa = PBXFileReference; lastKnownFileType = sourcecode.c.objc; path = ConvolutionReverbController.m; sourceTree = "<group>"; };
		EB379118276F5A8B00AC37D0 /* ConvolutionReverbController.xib */ = {isa = PBXFileReference; lastKnownFileType = file.xib; path = ConvolutionReverbController.xib; sourceTree = "<group>"; };
		EB37911B2771CD8800AC37D0 /* RateConverter.h */ = {isa = PBXFileReference; lastKnownFileType = sourcecode.c.h; name = RateConverter.h; path = "Going Zero/RateConverter.h"; sourceTree = SOURCE_ROOT; };
		EB37911C2771CD8800AC37D0 /* RateConverter.m */ = {isa = PBXFileReference; lastKnownFileType = sourcecode.c.objc; name = RateConverter.m; path = "Going Zero/RateConverter.m"; sourceTree = SOURCE_ROOT; };
		EB652EDB266E00D000089E3E /* TapeReverseController.h */ = {isa = PBXFileReference; lastKnownFileType = sourcecode.c.h; path = TapeReverseController.h; sourceTree = "<group>"; };
		EB652EDC266E00D000089E3E /* TapeReverseController.m */ = {isa = PBXFileReference; lastKnownFileType = sourcecode.c.objc; path = TapeReverseController.m; sourceTree = "<group>"; };
		EB652EDD266E00D000089E3E /* TapeReverseController.xib */ = {isa = PBXFileReference; lastKnownFileType = file.xib; path = TapeReverseController.xib; sourceTree = "<group>"; };
		EB652EE0266E00E300089E3E /* TapeReverse.h */ = {isa = PBXFileReference; lastKnownFileType = sourcecode.c.h; path = TapeReverse.h; sourceTree = "<group>"; };
		EB652EE1266E00E300089E3E /* TapeReverse.m */ = {isa = PBXFileReference; lastKnownFileType = sourcecode.c.objc; path = TapeReverse.m; sourceTree = "<group>"; };
		EB6E385E26623E4A002AADCA /* Going Zero.app */ = {isa = PBXFileReference; explicitFileType = wrapper.application; includeInIndex = 0; path = "Going Zero.app"; sourceTree = BUILT_PRODUCTS_DIR; };
		EB6E386126623E4A002AADCA /* AppDelegate.h */ = {isa = PBXFileReference; lastKnownFileType = sourcecode.c.h; path = AppDelegate.h; sourceTree = "<group>"; };
		EB6E386226623E4A002AADCA /* AppDelegate.m */ = {isa = PBXFileReference; lastKnownFileType = sourcecode.c.objc; path = AppDelegate.m; sourceTree = "<group>"; };
		EB6E386426623E4B002AADCA /* Assets.xcassets */ = {isa = PBXFileReference; lastKnownFileType = folder.assetcatalog; path = Assets.xcassets; sourceTree = "<group>"; };
		EB6E386726623E4B002AADCA /* Base */ = {isa = PBXFileReference; lastKnownFileType = file.xib; name = Base; path = Base.lproj/MainMenu.xib; sourceTree = "<group>"; };
		EB6E386926623E4B002AADCA /* Info.plist */ = {isa = PBXFileReference; lastKnownFileType = text.plist.xml; path = Info.plist; sourceTree = "<group>"; };
		EB6E386A26623E4B002AADCA /* main.m */ = {isa = PBXFileReference; lastKnownFileType = sourcecode.c.objc; path = main.m; sourceTree = "<group>"; };
		EB6E386C26623E4B002AADCA /* Going_Zero.entitlements */ = {isa = PBXFileReference; lastKnownFileType = text.plist.entitlements; path = Going_Zero.entitlements; sourceTree = "<group>"; };
		EB6E387226623F2F002AADCA /* AppController.h */ = {isa = PBXFileReference; lastKnownFileType = sourcecode.c.h; path = AppController.h; sourceTree = "<group>"; };
		EB6E387326623F2F002AADCA /* AppController.mm */ = {isa = PBXFileReference; lastKnownFileType = sourcecode.cpp.objcpp; path = AppController.mm; sourceTree = "<group>"; };
		EB6E387526623F83002AADCA /* AudioEngine.h */ = {isa = PBXFileReference; lastKnownFileType = sourcecode.c.h; path = AudioEngine.h; sourceTree = "<group>"; };
		EB6E387626623F83002AADCA /* AudioEngine.m */ = {isa = PBXFileReference; lastKnownFileType = sourcecode.c.objc; path = AudioEngine.m; sourceTree = "<group>"; };
		EB6E387826624088002AADCA /* RingBuffer.h */ = {isa = PBXFileReference; fileEncoding = 4; lastKnownFileType = sourcecode.c.h; path = RingBuffer.h; sourceTree = "<group>"; };
		EB6E387926624089002AADCA /* RingBuffer.m */ = {isa = PBXFileReference; fileEncoding = 4; lastKnownFileType = sourcecode.c.objc; path = RingBuffer.m; sourceTree = "<group>"; };
		EB6E387B266240BF002AADCA /* TurnTableView.m */ = {isa = PBXFileReference; fileEncoding = 4; lastKnownFileType = sourcecode.c.objc; path = TurnTableView.m; sourceTree = "<group>"; };
		EB6E387C266240BF002AADCA /* RingView.m */ = {isa = PBXFileReference; fileEncoding = 4; lastKnownFileType = sourcecode.c.objc; path = RingView.m; sourceTree = "<group>"; };
		EB6E387D266240C0002AADCA /* TurnTableView.h */ = {isa = PBXFileReference; fileEncoding = 4; lastKnownFileType = sourcecode.c.h; path = TurnTableView.h; sourceTree = "<group>"; };
		EB6E387E266240C1002AADCA /* RingView.h */ = {isa = PBXFileReference; fileEncoding = 4; lastKnownFileType = sourcecode.c.h; path = RingView.h; sourceTree = "<group>"; };
		EB6E388126627C90002AADCA /* TrillReverse.h */ = {isa = PBXFileReference; lastKnownFileType = sourcecode.c.h; path = TrillReverse.h; sourceTree = "<group>"; };
		EB6E388226627C90002AADCA /* TrillReverse.m */ = {isa = PBXFileReference; lastKnownFileType = sourcecode.c.objc; path = TrillReverse.m; sourceTree = "<group>"; };
		EB7001192691D022007F88EE /* FlangerController.h */ = {isa = PBXFileReference; lastKnownFileType = sourcecode.c.h; path = FlangerController.h; sourceTree = "<group>"; };
		EB70011A2691D022007F88EE /* FlangerController.m */ = {isa = PBXFileReference; lastKnownFileType = sourcecode.c.objc; path = FlangerController.m; sourceTree = "<group>"; };
		EB70011B2691D022007F88EE /* FlangerController.xib */ = {isa = PBXFileReference; lastKnownFileType = file.xib; path = FlangerController.xib; sourceTree = "<group>"; };
		EB70011E2691D038007F88EE /* Flanger.h */ = {isa = PBXFileReference; lastKnownFileType = sourcecode.c.h; path = Flanger.h; sourceTree = "<group>"; };
		EB70011F2691D038007F88EE /* Flanger.m */ = {isa = PBXFileReference; lastKnownFileType = sourcecode.c.objc; path = Flanger.m; sourceTree = "<group>"; };
		EB7372B4266530F600393D58 /* Freezer.h */ = {isa = PBXFileReference; lastKnownFileType = sourcecode.c.h; path = Freezer.h; sourceTree = "<group>"; };
		EB7372B5266530F600393D58 /* Freezer.m */ = {isa = PBXFileReference; lastKnownFileType = sourcecode.c.objc; path = Freezer.m; sourceTree = "<group>"; };
		EB7DDCC12B4955AD00D72E9A /* MainMenu2.xib */ = {isa = PBXFileReference; lastKnownFileType = file.xib; path = MainMenu2.xib; sourceTree = "<group>"; };
		EB822D552A1D657E00FAA9B5 /* Lookup.h */ = {isa = PBXFileReference; lastKnownFileType = sourcecode.c.h; path = Lookup.h; sourceTree = "<group>"; };
		EB822D562A1D657E00FAA9B5 /* Lookup.m */ = {isa = PBXFileReference; lastKnownFileType = sourcecode.c.objc; path = Lookup.m; sourceTree = "<group>"; };
		EBAA80912678DF3000809C1D /* QuickCueController.h */ = {isa = PBXFileReference; lastKnownFileType = sourcecode.c.h; path = QuickCueController.h; sourceTree = "<group>"; };
		EBAA80922678DF3000809C1D /* QuickCueController.m */ = {isa = PBXFileReference; lastKnownFileType = sourcecode.c.objc; path = QuickCueController.m; sourceTree = "<group>"; };
		EBAA80932678DF3000809C1D /* QuickCueController.xib */ = {isa = PBXFileReference; lastKnownFileType = file.xib; path = QuickCueController.xib; sourceTree = "<group>"; };
		EBAA80962678E00D00809C1D /* QuickCue.h */ = {isa = PBXFileReference; lastKnownFileType = sourcecode.c.h; path = QuickCue.h; sourceTree = "<group>"; };
		EBAA80972678E00D00809C1D /* QuickCue.m */ = {isa = PBXFileReference; lastKnownFileType = sourcecode.c.objc; path = QuickCue.m; sourceTree = "<group>"; };
		EBBF46B92674F2B100785BF6 /* libspleeter_common.a */ = {isa = PBXFileReference; lastKnownFileType = archive.ar; name = libspleeter_common.a; path = ../PartScratch/spleeterpp/build/src/spleeter_common/libspleeter_common.a; sourceTree = "<group>"; };
		EBBF46BA2674F2E600785BF6 /* libspleeter.a */ = {isa = PBXFileReference; lastKnownFileType = archive.ar; name = libspleeter.a; path = ../PartScratch/spleeterpp/build/src/spleeter/libspleeter.a; sourceTree = "<group>"; };
		EBBF46BB2674F31800785BF6 /* libtensorflow_framework.1.dylib */ = {isa = PBXFileReference; lastKnownFileType = "compiled.mach-o.dylib"; name = libtensorflow_framework.1.dylib; path = ../PartScratch/spleeterpp/build/tensorflow/lib/libtensorflow_framework.1.dylib; sourceTree = "<group>"; };
		EBBF46BF2674F32D00785BF6 /* libtensorflow.1.dylib */ = {isa = PBXFileReference; lastKnownFileType = "compiled.mach-o.dylib"; name = libtensorflow.1.dylib; path = ../PartScratch/spleeterpp/build/tensorflow/lib/libtensorflow.1.dylib; sourceTree = "<group>"; };
		EBBF46C22674F34D00785BF6 /* libwave.a */ = {isa = PBXFileReference; lastKnownFileType = archive.ar; name = libwave.a; path = "../PartScratch/spleeterpp/build/_deps/wave-build/src/wave/libwave.a"; sourceTree = "<group>"; };
		EBBF46CB2675339000785BF6 /* libspleeter_filter.a */ = {isa = PBXFileReference; lastKnownFileType = archive.ar; name = libspleeter_filter.a; path = ../PartScratch/spleeterpp/build/src/spleeter_filter/libspleeter_filter.a; sourceTree = "<group>"; };
		EBBF46CD267534F000785BF6 /* librtff.a */ = {isa = PBXFileReference; lastKnownFileType = archive.ar; name = librtff.a; path = "../PartScratch/spleeterpp/build/_deps/rtff-build/src/rtff/librtff.a"; sourceTree = "<group>"; };
		EBBF46CF2675355B00785BF6 /* libartff.a */ = {isa = PBXFileReference; lastKnownFileType = archive.ar; name = libartff.a; path = ../PartScratch/spleeterpp/build/src/artff/libartff.a; sourceTree = "<group>"; };
		EBBF46D12675365A00785BF6 /* libfftw3f.a */ = {isa = PBXFileReference; lastKnownFileType = archive.ar; name = libfftw3f.a; path = "../PartScratch/spleeterpp/build/_deps/rtff-build/fftw/build/lib/libfftw3f.a"; sourceTree = "<group>"; };
		EBBF46D32675D45100785BF6 /* ReverseController.h */ = {isa = PBXFileReference; lastKnownFileType = sourcecode.c.h; path = ReverseController.h; sourceTree = "<group>"; };
		EBBF46D42675D45100785BF6 /* ReverseController.m */ = {isa = PBXFileReference; lastKnownFileType = sourcecode.c.objc; path = ReverseController.m; sourceTree = "<group>"; };
		EBBF46D52675D45100785BF6 /* ReverseController.xib */ = {isa = PBXFileReference; lastKnownFileType = file.xib; path = ReverseController.xib; sourceTree = "<group>"; };
		EBBF46D82675D4AF00785BF6 /* Reverse.h */ = {isa = PBXFileReference; lastKnownFileType = sourcecode.c.h; path = Reverse.h; sourceTree = "<group>"; };
		EBBF46D92675D4AF00785BF6 /* Reverse.m */ = {isa = PBXFileReference; lastKnownFileType = sourcecode.c.objc; path = Reverse.m; sourceTree = "<group>"; };
		EBBF46DB2676171D00785BF6 /* ReverseTurntableView.h */ = {isa = PBXFileReference; lastKnownFileType = sourcecode.c.h; path = ReverseTurntableView.h; sourceTree = "<group>"; };
		EBBF46DC2676171D00785BF6 /* ReverseTurntableView.m */ = {isa = PBXFileReference; lastKnownFileType = sourcecode.c.objc; path = ReverseTurntableView.m; sourceTree = "<group>"; };
		EBC191682A21AC3700E13D95 /* LookUpController.h */ = {isa = PBXFileReference; lastKnownFileType = sourcecode.c.h; path = LookUpController.h; sourceTree = "<group>"; };
		EBC191692A21AC3700E13D95 /* LookUpController.m */ = {isa = PBXFileReference; lastKnownFileType = sourcecode.c.objc; path = LookUpController.m; sourceTree = "<group>"; };
		EBC1916A2A21AC3700E13D95 /* LookUpController.xib */ = {isa = PBXFileReference; lastKnownFileType = file.xib; path = LookUpController.xib; sourceTree = "<group>"; };
		EBC22F522A2CDD3D001CB3DA /* TouchView.h */ = {isa = PBXFileReference; lastKnownFileType = sourcecode.c.h; path = TouchView.h; sourceTree = "<group>"; };
		EBC22F532A2CDD3D001CB3DA /* TouchView.m */ = {isa = PBXFileReference; lastKnownFileType = sourcecode.c.objc; path = TouchView.m; sourceTree = "<group>"; };
		EBD7C6FB275E54D8009A61DA /* RandomController.h */ = {isa = PBXFileReference; lastKnownFileType = sourcecode.c.h; path = RandomController.h; sourceTree = "<group>"; };
		EBD7C6FC275E54D8009A61DA /* RandomController.m */ = {isa = PBXFileReference; lastKnownFileType = sourcecode.c.objc; path = RandomController.m; sourceTree = "<group>"; };
		EBD7C6FD275E54D8009A61DA /* RandomController.xib */ = {isa = PBXFileReference; lastKnownFileType = file.xib; path = RandomController.xib; sourceTree = "<group>"; };
		EBD7C700275E54F2009A61DA /* Random.h */ = {isa = PBXFileReference; lastKnownFileType = sourcecode.c.h; path = Random.h; sourceTree = "<group>"; };
		EBD7C701275E54F2009A61DA /* Random.m */ = {isa = PBXFileReference; lastKnownFileType = sourcecode.c.objc; path = Random.m; sourceTree = "<group>"; };
		EBDA9A3A273D4BA700836273 /* MainViewController.h */ = {isa = PBXFileReference; lastKnownFileType = sourcecode.c.h; path = MainViewController.h; sourceTree = "<group>"; };
		EBDA9A3B273D4BA700836273 /* MainViewController.m */ = {isa = PBXFileReference; lastKnownFileType = sourcecode.c.objc; path = MainViewController.m; sourceTree = "<group>"; };
		EBDA9A3D273F867A00836273 /* LPF_IIR.h */ = {isa = PBXFileReference; fileEncoding = 4; lastKnownFileType = sourcecode.c.h; path = LPF_IIR.h; sourceTree = "<group>"; };
		EBDA9A3E273F867A00836273 /* LPF_IIR.m */ = {isa = PBXFileReference; fileEncoding = 4; lastKnownFileType = sourcecode.c.objc; path = LPF_IIR.m; sourceTree = "<group>"; };
		EBDA9A3F273F867B00836273 /* DJFilter.h */ = {isa = PBXFileReference; fileEncoding = 4; lastKnownFileType = sourcecode.c.h; path = DJFilter.h; sourceTree = "<group>"; };
		EBDA9A40273F867C00836273 /* DJFilter.m */ = {isa = PBXFileReference; fileEncoding = 4; lastKnownFileType = sourcecode.c.objc; path = DJFilter.m; sourceTree = "<group>"; };
		EBDA9A41273F867D00836273 /* HPF_IIR.h */ = {isa = PBXFileReference; fileEncoding = 4; lastKnownFileType = sourcecode.c.h; path = HPF_IIR.h; sourceTree = "<group>"; };
		EBDA9A42273F867E00836273 /* HPF_IIR.m */ = {isa = PBXFileReference; fileEncoding = 4; lastKnownFileType = sourcecode.c.objc; path = HPF_IIR.m; sourceTree = "<group>"; };
		EBDA9A462740A9E500836273 /* SamplerController.h */ = {isa = PBXFileReference; lastKnownFileType = sourcecode.c.h; path = SamplerController.h; sourceTree = "<group>"; };
		EBDA9A472740A9E500836273 /* SamplerController.m */ = {isa = PBXFileReference; lastKnownFileType = sourcecode.c.objc; path = SamplerController.m; sourceTree = "<group>"; };
		EBDA9A482740A9E500836273 /* SamplerController.xib */ = {isa = PBXFileReference; lastKnownFileType = file.xib; path = SamplerController.xib; sourceTree = "<group>"; };
		EBDA9A4B2740AA8600836273 /* Sampler.h */ = {isa = PBXFileReference; fileEncoding = 4; lastKnownFileType = sourcecode.c.h; path = Sampler.h; sourceTree = "<group>"; };
		EBDA9A4C2740AA8600836273 /* Sampler.m */ = {isa = PBXFileReference; fileEncoding = 4; lastKnownFileType = sourcecode.c.objc; path = Sampler.m; sourceTree = "<group>"; };
		EBDA9A7027488DA400836273 /* CFNetwork.framework */ = {isa = PBXFileReference; lastKnownFileType = wrapper.framework; name = CFNetwork.framework; path = System/Library/Frameworks/CFNetwork.framework; sourceTree = SDKROOT; };
		EBDA9A7227488DC600836273 /* Security.framework */ = {isa = PBXFileReference; lastKnownFileType = wrapper.framework; name = Security.framework; path = System/Library/Frameworks/Security.framework; sourceTree = SDKROOT; };
		EBEC8C70266313C400257694 /* Bender.h */ = {isa = PBXFileReference; lastKnownFileType = sourcecode.c.h; path = Bender.h; sourceTree = "<group>"; };
		EBEC8C71266313C400257694 /* Bender.m */ = {isa = PBXFileReference; lastKnownFileType = sourcecode.c.objc; path = Bender.m; sourceTree = "<group>"; };
		EBF93D0D266AA076001B13F3 /* DJFilterController.xib */ = {isa = PBXFileReference; lastKnownFileType = file.xib; path = DJFilterController.xib; sourceTree = "<group>"; };
		EBF93D0F266AA184001B13F3 /* DJFilterController.h */ = {isa = PBXFileReference; lastKnownFileType = sourcecode.c.h; path = DJFilterController.h; sourceTree = "<group>"; };
		EBF93D10266AA184001B13F3 /* DJFilterController.m */ = {isa = PBXFileReference; lastKnownFileType = sourcecode.c.objc; path = DJFilterController.m; sourceTree = "<group>"; };
		EBF93D18266AE709001B13F3 /* MyButton.h */ = {isa = PBXFileReference; lastKnownFileType = sourcecode.c.h; path = MyButton.h; sourceTree = "<group>"; };
		EBF93D19266AE709001B13F3 /* MyButton.m */ = {isa = PBXFileReference; lastKnownFileType = sourcecode.c.objc; path = MyButton.m; sourceTree = "<group>"; };
		EBF93D1B266B164F001B13F3 /* RefrainView.xib */ = {isa = PBXFileReference; lastKnownFileType = file.xib; path = RefrainView.xib; sourceTree = "<group>"; };
		EBF93D1D266B168D001B13F3 /* RefrainController.h */ = {isa = PBXFileReference; lastKnownFileType = sourcecode.c.h; path = RefrainController.h; sourceTree = "<group>"; };
		EBF93D1E266B168D001B13F3 /* RefrainController.m */ = {isa = PBXFileReference; lastKnownFileType = sourcecode.c.objc; path = RefrainController.m; sourceTree = "<group>"; };
		EBF93D20266B215E001B13F3 /* Refrain.h */ = {isa = PBXFileReference; lastKnownFileType = sourcecode.c.h; path = Refrain.h; sourceTree = "<group>"; };
		EBF93D21266B215E001B13F3 /* Refrain.m */ = {isa = PBXFileReference; lastKnownFileType = sourcecode.c.objc; path = Refrain.m; sourceTree = "<group>"; };
		EBFE0A492A7FD5B300F88A78 /* BeatTrackerController.h */ = {isa = PBXFileReference; lastKnownFileType = sourcecode.c.h; path = BeatTrackerController.h; sourceTree = "<group>"; };
		EBFE0A4A2A7FD5B300F88A78 /* BeatTrackerController.m */ = {isa = PBXFileReference; lastKnownFileType = sourcecode.c.objc; path = BeatTrackerController.m; sourceTree = "<group>"; };
		EBFE0A4B2A7FD5B300F88A78 /* BeatTrackerController.xib */ = {isa = PBXFileReference; lastKnownFileType = file.xib; path = BeatTrackerController.xib; sourceTree = "<group>"; };
		EBFE0A4E2A7FD76700F88A78 /* BeatView.h */ = {isa = PBXFileReference; lastKnownFileType = sourcecode.c.h; path = BeatView.h; sourceTree = "<group>"; };
		EBFE0A4F2A7FD76700F88A78 /* BeatView.m */ = {isa = PBXFileReference; lastKnownFileType = sourcecode.c.objc; path = BeatView.m; sourceTree = "<group>"; };
/* End PBXFileReference section */

/* Begin PBXFrameworksBuildPhase section */
		EB6E385B26623E4A002AADCA /* Frameworks */ = {
			isa = PBXFrameworksBuildPhase;
			buildActionMask = 2147483647;
			files = (
				EB3673A52A7C063B006A2955 /* VideoToolbox.framework in Frameworks */,
				EBDA9A7327488DC600836273 /* Security.framework in Frameworks */,
				EBDA9A7127488DA400836273 /* CFNetwork.framework in Frameworks */,
				EB379115276F4B9F00AC37D0 /* AudioToolbox.framework in Frameworks */,
				EB36739F2A7BFD73006A2955 /* libessentia.a in Frameworks */,
				30D150BBE4D286CC7E0FB130 /* Pods_Going_Zero.framework in Frameworks */,
				EB3673A32A7C062C006A2955 /* CoreMedia.framework in Frameworks */,
			);
			runOnlyForDeploymentPostprocessing = 0;
		};
/* End PBXFrameworksBuildPhase section */

/* Begin PBXGroup section */
		16E25C5BEBF500F1E6A171C4 /* Pods */ = {
			isa = PBXGroup;
			children = (
				60C2A1564451012BB2F274A6 /* Pods-Going Zero.debug.xcconfig */,
				3636DE1F11DA5B51B887C549 /* Pods-Going Zero.release.xcconfig */,
			);
			path = Pods;
			sourceTree = "<group>";
		};
		EB19287A266B9C1D00980F39 /* filter */ = {
			isa = PBXGroup;
			children = (
				EB18F77B266A6E7100EB0E73 /* Looper.h */,
				EB18F77C266A6E7100EB0E73 /* Looper.m */,
				EB6E388126627C90002AADCA /* TrillReverse.h */,
				EB6E388226627C90002AADCA /* TrillReverse.m */,
				EBEC8C70266313C400257694 /* Bender.h */,
				EBEC8C71266313C400257694 /* Bender.m */,
				EB7372B4266530F600393D58 /* Freezer.h */,
				EB7372B5266530F600393D58 /* Freezer.m */,
				EB18F76F2666535A00EB0E73 /* MiniFader.h */,
				EB18F7702666535A00EB0E73 /* MiniFader.m */,
				EB18F775266907B400EB0E73 /* Viewer.h */,
				EB18F776266907B400EB0E73 /* Viewer.m */,
				EB18F7722669077E00EB0E73 /* WaveView.h */,
				EB18F7732669077E00EB0E73 /* WaveView.m */,
				EBDA9A3F273F867B00836273 /* DJFilter.h */,
				EBDA9A40273F867C00836273 /* DJFilter.m */,
				EBDA9A41273F867D00836273 /* HPF_IIR.h */,
				EBDA9A42273F867E00836273 /* HPF_IIR.m */,
				EBDA9A3D273F867A00836273 /* LPF_IIR.h */,
				EBDA9A3E273F867A00836273 /* LPF_IIR.m */,
				EBF93D0F266AA184001B13F3 /* DJFilterController.h */,
				EBF93D10266AA184001B13F3 /* DJFilterController.m */,
				EBF93D0D266AA076001B13F3 /* DJFilterController.xib */,
				EB822D552A1D657E00FAA9B5 /* Lookup.h */,
				EB822D562A1D657E00FAA9B5 /* Lookup.m */,
				EBC22F522A2CDD3D001CB3DA /* TouchView.h */,
				EBC22F532A2CDD3D001CB3DA /* TouchView.m */,
				EBC191682A21AC3700E13D95 /* LookUpController.h */,
				EBC191692A21AC3700E13D95 /* LookUpController.m */,
				EBC1916A2A21AC3700E13D95 /* LookUpController.xib */,
				EBF93D1D266B168D001B13F3 /* RefrainController.h */,
				EBF93D1E266B168D001B13F3 /* RefrainController.m */,
				EBF93D20266B215E001B13F3 /* Refrain.h */,
				EBF93D21266B215E001B13F3 /* Refrain.m */,
				EBF93D1B266B164F001B13F3 /* RefrainView.xib */,
				EB274C0E266B9D7A004485FC /* BitCrasher.h */,
				EB274C0F266B9D7A004485FC /* BitCrasher.m */,
				EB274C11266B9F69004485FC /* BitCrasherController.h */,
				EB274C12266B9F69004485FC /* BitCrasherController.m */,
				EB274C13266B9F69004485FC /* BitCrasherController.xib */,
				EB652EDB266E00D000089E3E /* TapeReverseController.h */,
				EB652EDC266E00D000089E3E /* TapeReverseController.m */,
				EB652EDD266E00D000089E3E /* TapeReverseController.xib */,
				EB652EE0266E00E300089E3E /* TapeReverse.h */,
				EB652EE1266E00E300089E3E /* TapeReverse.m */,
				EBBF46D32675D45100785BF6 /* ReverseController.h */,
				EBBF46D42675D45100785BF6 /* ReverseController.m */,
				EBBF46D52675D45100785BF6 /* ReverseController.xib */,
				EBBF46DB2676171D00785BF6 /* ReverseTurntableView.h */,
				EBBF46DC2676171D00785BF6 /* ReverseTurntableView.m */,
				EBBF46D82675D4AF00785BF6 /* Reverse.h */,
				EBBF46D92675D4AF00785BF6 /* Reverse.m */,
				EBAA80912678DF3000809C1D /* QuickCueController.h */,
				EBAA80922678DF3000809C1D /* QuickCueController.m */,
				EBAA80932678DF3000809C1D /* QuickCueController.xib */,
				EBAA80962678E00D00809C1D /* QuickCue.h */,
				EBAA80972678E00D00809C1D /* QuickCue.m */,
				EB7001192691D022007F88EE /* FlangerController.h */,
				EB70011A2691D022007F88EE /* FlangerController.m */,
				EB70011B2691D022007F88EE /* FlangerController.xib */,
				EB70011E2691D038007F88EE /* Flanger.h */,
				EB70011F2691D038007F88EE /* Flanger.m */,
				EBDA9A462740A9E500836273 /* SamplerController.h */,
				EBDA9A472740A9E500836273 /* SamplerController.m */,
				EBDA9A482740A9E500836273 /* SamplerController.xib */,
				EBDA9A4B2740AA8600836273 /* Sampler.h */,
				EBDA9A4C2740AA8600836273 /* Sampler.m */,
				EBD7C6FB275E54D8009A61DA /* RandomController.h */,
				EBD7C6FC275E54D8009A61DA /* RandomController.m */,
				EBD7C6FD275E54D8009A61DA /* RandomController.xib */,
				EBD7C700275E54F2009A61DA /* Random.h */,
				EBD7C701275E54F2009A61DA /* Random.m */,
				EB3791092768D66100AC37D0 /* SimpleReverb.h */,
				EB37910A2768D66100AC37D0 /* SimpleReverb.m */,
				EB37910C2768D68100AC37D0 /* SimpleReverbController.h */,
				EB37910D2768D68100AC37D0 /* SimpleReverbController.m */,
				EB37910E2768D68100AC37D0 /* SimpleReverbController.xib */,
				EB379111276F491400AC37D0 /* ConvolutionReverb.h */,
				EB379112276F491400AC37D0 /* ConvolutionReverb.mm */,
				EB379116276F5A8B00AC37D0 /* ConvolutionReverbController.h */,
				EB379117276F5A8B00AC37D0 /* ConvolutionReverbController.m */,
				EB379118276F5A8B00AC37D0 /* ConvolutionReverbController.xib */,
				EB3673A62A7D3CA0006A2955 /* BeatTracker.h */,
				EB3673A72A7D3CA0006A2955 /* BeatTracker.mm */,
				EBFE0A492A7FD5B300F88A78 /* BeatTrackerController.h */,
				EBFE0A4A2A7FD5B300F88A78 /* BeatTrackerController.m */,
				EBFE0A4B2A7FD5B300F88A78 /* BeatTrackerController.xib */,
				EBFE0A4E2A7FD76700F88A78 /* BeatView.h */,
				EBFE0A4F2A7FD76700F88A78 /* BeatView.m */,
			);
			path = filter;
			sourceTree = "<group>";
		};
		EB19287B266B9CAB00980F39 /* ui */ = {
			isa = PBXGroup;
			children = (
				EBF93D18266AE709001B13F3 /* MyButton.h */,
				EBF93D19266AE709001B13F3 /* MyButton.m */,
			);
			path = ui;
			sourceTree = "<group>";
		};
		EB6E385526623E4A002AADCA = {
			isa = PBXGroup;
			children = (
				EB6E386026623E4A002AADCA /* Going Zero */,
				EB6E385F26623E4A002AADCA /* Products */,
				EBBF46B82674F2B100785BF6 /* Frameworks */,
				16E25C5BEBF500F1E6A171C4 /* Pods */,
			);
			sourceTree = "<group>";
		};
		EB6E385F26623E4A002AADCA /* Products */ = {
			isa = PBXGroup;
			children = (
				EB6E385E26623E4A002AADCA /* Going Zero.app */,
			);
			name = Products;
			sourceTree = "<group>";
		};
		EB6E386026623E4A002AADCA /* Going Zero */ = {
			isa = PBXGroup;
			children = (
				EB19287B266B9CAB00980F39 /* ui */,
				EB19287A266B9C1D00980F39 /* filter */,
				EB6E387226623F2F002AADCA /* AppController.h */,
				EB6E387326623F2F002AADCA /* AppController.mm */,
				EB6E386126623E4A002AADCA /* AppDelegate.h */,
				EB6E386226623E4A002AADCA /* AppDelegate.m */,
				EB6E386426623E4B002AADCA /* Assets.xcassets */,
				EB6E386626623E4B002AADCA /* MainMenu.xib */,
				EB6E386926623E4B002AADCA /* Info.plist */,
				EB6E386A26623E4B002AADCA /* main.m */,
				EB6E386C26623E4B002AADCA /* Going_Zero.entitlements */,
				EB6E387526623F83002AADCA /* AudioEngine.h */,
				EB6E387626623F83002AADCA /* AudioEngine.m */,
				EB6E387826624088002AADCA /* RingBuffer.h */,
				EB6E387926624089002AADCA /* RingBuffer.m */,
				EB37911B2771CD8800AC37D0 /* RateConverter.h */,
				EB37911C2771CD8800AC37D0 /* RateConverter.m */,
				EB6E387E266240C1002AADCA /* RingView.h */,
				EB6E387C266240BF002AADCA /* RingView.m */,
				EB6E387D266240C0002AADCA /* TurnTableView.h */,
				EB6E387B266240BF002AADCA /* TurnTableView.m */,
				EBDA9A3A273D4BA700836273 /* MainViewController.h */,
				EBDA9A3B273D4BA700836273 /* MainViewController.m */,
				EB7DDCC12B4955AD00D72E9A /* MainMenu2.xib */,
			);
			path = "Going Zero";
			sourceTree = "<group>";
		};
		EBBF46B82674F2B100785BF6 /* Frameworks */ = {
			isa = PBXGroup;
			children = (
				EB3673A42A7C063B006A2955 /* VideoToolbox.framework */,
				EB3673A22A7C062C006A2955 /* CoreMedia.framework */,
				EB3673A02A7BFD97006A2955 /* libfftw3f.a */,
				EB36739E2A7BF7F1006A2955 /* libessentia.a */,
				EB379114276F4B9F00AC37D0 /* AudioToolbox.framework */,
				EBDA9A7227488DC600836273 /* Security.framework */,
				EBDA9A7027488DA400836273 /* CFNetwork.framework */,
				EBBF46D12675365A00785BF6 /* libfftw3f.a */,
				EBBF46CF2675355B00785BF6 /* libartff.a */,
				EBBF46CD267534F000785BF6 /* librtff.a */,
				EBBF46CB2675339000785BF6 /* libspleeter_filter.a */,
				EBBF46C22674F34D00785BF6 /* libwave.a */,
				EBBF46BF2674F32D00785BF6 /* libtensorflow.1.dylib */,
				EBBF46BB2674F31800785BF6 /* libtensorflow_framework.1.dylib */,
				EBBF46BA2674F2E600785BF6 /* libspleeter.a */,
				EBBF46B92674F2B100785BF6 /* libspleeter_common.a */,
				BF8F06F4F560999564F14CDB /* Pods_Going_Zero.framework */,
			);
			name = Frameworks;
			sourceTree = "<group>";
		};
/* End PBXGroup section */

/* Begin PBXNativeTarget section */
		EB6E385D26623E4A002AADCA /* Going Zero */ = {
			isa = PBXNativeTarget;
			buildConfigurationList = EB6E386F26623E4B002AADCA /* Build configuration list for PBXNativeTarget "Going Zero" */;
			buildPhases = (
				1339E3F1C41C3E40FD19EE1B /* [CP] Check Pods Manifest.lock */,
				EB6E385A26623E4A002AADCA /* Sources */,
				EB6E385B26623E4A002AADCA /* Frameworks */,
				EB6E385C26623E4A002AADCA /* Resources */,
				6D6DCF6105D05D4565D3779B /* [CP] Embed Pods Frameworks */,
			);
			buildRules = (
			);
			dependencies = (
			);
			name = "Going Zero";
			productName = "Going Zero";
			productReference = EB6E385E26623E4A002AADCA /* Going Zero.app */;
			productType = "com.apple.product-type.application";
		};
/* End PBXNativeTarget section */

/* Begin PBXProject section */
		EB6E385626623E4A002AADCA /* Project object */ = {
			isa = PBXProject;
			attributes = {
				BuildIndependentTargetsInParallel = YES;
				LastUpgradeCheck = 1510;
				ORGANIZATIONNAME = kyab;
				TargetAttributes = {
					EB6E385D26623E4A002AADCA = {
						CreatedOnToolsVersion = 11.7;
					};
				};
			};
			buildConfigurationList = EB6E385926623E4A002AADCA /* Build configuration list for PBXProject "Going Zero" */;
			compatibilityVersion = "Xcode 9.3";
			developmentRegion = en;
			hasScannedForEncodings = 0;
			knownRegions = (
				en,
				Base,
			);
			mainGroup = EB6E385526623E4A002AADCA;
			productRefGroup = EB6E385F26623E4A002AADCA /* Products */;
			projectDirPath = "";
			projectRoot = "";
			targets = (
				EB6E385D26623E4A002AADCA /* Going Zero */,
			);
		};
/* End PBXProject section */

/* Begin PBXResourcesBuildPhase section */
		EB6E385C26623E4A002AADCA /* Resources */ = {
			isa = PBXResourcesBuildPhase;
			buildActionMask = 2147483647;
			files = (
				EB6E386526623E4B002AADCA /* Assets.xcassets in Resources */,
				EBD7C6FF275E54D8009A61DA /* RandomController.xib in Resources */,
				EBFE0A4D2A7FD5B300F88A78 /* BeatTrackerController.xib in Resources */,
				EB6E386826623E4B002AADCA /* MainMenu.xib in Resources */,
				EB3791102768D68100AC37D0 /* SimpleReverbController.xib in Resources */,
				EBDA9A4A2740A9E500836273 /* SamplerController.xib in Resources */,
				EBC1916C2A21AC3700E13D95 /* LookUpController.xib in Resources */,
				EBF93D1C266B164F001B13F3 /* RefrainView.xib in Resources */,
				EBBF46D72675D45100785BF6 /* ReverseController.xib in Resources */,
				EB70011D2691D022007F88EE /* FlangerController.xib in Resources */,
				EB7DDCC22B4955AD00D72E9A /* MainMenu2.xib in Resources */,
				EBF93D0E266AA076001B13F3 /* DJFilterController.xib in Resources */,
				EBAA80952678DF3000809C1D /* QuickCueController.xib in Resources */,
				EB37911A276F5A8B00AC37D0 /* ConvolutionReverbController.xib in Resources */,
				EB274C15266B9F69004485FC /* BitCrasherController.xib in Resources */,
				EB652EDF266E00D000089E3E /* TapeReverseController.xib in Resources */,
			);
			runOnlyForDeploymentPostprocessing = 0;
		};
/* End PBXResourcesBuildPhase section */

/* Begin PBXShellScriptBuildPhase section */
		1339E3F1C41C3E40FD19EE1B /* [CP] Check Pods Manifest.lock */ = {
			isa = PBXShellScriptBuildPhase;
			buildActionMask = 2147483647;
			files = (
			);
			inputFileListPaths = (
			);
			inputPaths = (
				"${PODS_PODFILE_DIR_PATH}/Podfile.lock",
				"${PODS_ROOT}/Manifest.lock",
			);
			name = "[CP] Check Pods Manifest.lock";
			outputFileListPaths = (
			);
			outputPaths = (
				"$(DERIVED_FILE_DIR)/Pods-Going Zero-checkManifestLockResult.txt",
			);
			runOnlyForDeploymentPostprocessing = 0;
			shellPath = /bin/sh;
			shellScript = "diff \"${PODS_PODFILE_DIR_PATH}/Podfile.lock\" \"${PODS_ROOT}/Manifest.lock\" > /dev/null\nif [ $? != 0 ] ; then\n    # print error to STDERR\n    echo \"error: The sandbox is not in sync with the Podfile.lock. Run 'pod install' or update your CocoaPods installation.\" >&2\n    exit 1\nfi\n# This output is used by Xcode 'outputs' to avoid re-running this script phase.\necho \"SUCCESS\" > \"${SCRIPT_OUTPUT_FILE_0}\"\n";
			showEnvVarsInLog = 0;
		};
		6D6DCF6105D05D4565D3779B /* [CP] Embed Pods Frameworks */ = {
			isa = PBXShellScriptBuildPhase;
			buildActionMask = 2147483647;
			files = (
			);
			inputFileListPaths = (
				"${PODS_ROOT}/Target Support Files/Pods-Going Zero/Pods-Going Zero-frameworks-${CONFIGURATION}-input-files.xcfilelist",
			);
			name = "[CP] Embed Pods Frameworks";
			outputFileListPaths = (
				"${PODS_ROOT}/Target Support Files/Pods-Going Zero/Pods-Going Zero-frameworks-${CONFIGURATION}-output-files.xcfilelist",
			);
			runOnlyForDeploymentPostprocessing = 0;
			shellPath = /bin/sh;
			shellScript = "\"${PODS_ROOT}/Target Support Files/Pods-Going Zero/Pods-Going Zero-frameworks.sh\"\n";
			showEnvVarsInLog = 0;
		};
/* End PBXShellScriptBuildPhase section */

/* Begin PBXSourcesBuildPhase section */
		EB6E385A26623E4A002AADCA /* Sources */ = {
			isa = PBXSourcesBuildPhase;
			buildActionMask = 2147483647;
			files = (
				EB6E387726623F83002AADCA /* AudioEngine.m in Sources */,
				EBBF46D62675D45100785BF6 /* ReverseController.m in Sources */,
				EBF93D1A266AE709001B13F3 /* MyButton.m in Sources */,
				EBFE0A502A7FD76700F88A78 /* BeatView.m in Sources */,
				EBDA9A45273F867E00836273 /* HPF_IIR.m in Sources */,
				EB7372B6266530F600393D58 /* Freezer.m in Sources */,
				EBBF46DD2676171D00785BF6 /* ReverseTurntableView.m in Sources */,
				EB274C14266B9F69004485FC /* BitCrasherController.m in Sources */,
				EB37910B2768D66100AC37D0 /* SimpleReverb.m in Sources */,
				EB18F777266907B400EB0E73 /* Viewer.m in Sources */,
				EBAA80982678E00D00809C1D /* QuickCue.m in Sources */,
				EB37910F2768D68100AC37D0 /* SimpleReverbController.m in Sources */,
				EBDA9A4D2740AA8600836273 /* Sampler.m in Sources */,
				EBDA9A43273F867E00836273 /* LPF_IIR.m in Sources */,
				EB18F77D266A6E7100EB0E73 /* Looper.m in Sources */,
				EB6E386B26623E4B002AADCA /* main.m in Sources */,
				EB18F7712666535A00EB0E73 /* MiniFader.m in Sources */,
				EB6E387426623F2F002AADCA /* AppController.mm in Sources */,
				EB6E387A26624089002AADCA /* RingBuffer.m in Sources */,
				EBDA9A3C273D4BA700836273 /* MainViewController.m in Sources */,
				EB6E388326627C90002AADCA /* TrillReverse.m in Sources */,
				EBF93D11266AA184001B13F3 /* DJFilterController.m in Sources */,
				EB6E387F266240C1002AADCA /* TurnTableView.m in Sources */,
				EB3673A82A7D3CA0006A2955 /* BeatTracker.mm in Sources */,
				EB652EE2266E00E300089E3E /* TapeReverse.m in Sources */,
				EB70011C2691D022007F88EE /* FlangerController.m in Sources */,
				EBBF46DA2675D4AF00785BF6 /* Reverse.m in Sources */,
				EBDA9A492740A9E500836273 /* SamplerController.m in Sources */,
				EB37911D2771CD8800AC37D0 /* RateConverter.m in Sources */,
				EB6E386326623E4A002AADCA /* AppDelegate.m in Sources */,
				EB274C10266B9D7A004485FC /* BitCrasher.m in Sources */,
				EBFE0A4C2A7FD5B300F88A78 /* BeatTrackerController.m in Sources */,
				EBEC8C72266313C400257694 /* Bender.m in Sources */,
				EBC22F542A2CDD3D001CB3DA /* TouchView.m in Sources */,
				EBF93D22266B215E001B13F3 /* Refrain.m in Sources */,
				EB379119276F5A8B00AC37D0 /* ConvolutionReverbController.m in Sources */,
				EBDA9A44273F867E00836273 /* DJFilter.m in Sources */,
				EB652EDE266E00D000089E3E /* TapeReverseController.m in Sources */,
				EBD7C6FE275E54D8009A61DA /* RandomController.m in Sources */,
				EBAA80942678DF3000809C1D /* QuickCueController.m in Sources */,
				EBF93D1F266B168D001B13F3 /* RefrainController.m in Sources */,
				EB6E3880266240C1002AADCA /* RingView.m in Sources */,
				EB379113276F491400AC37D0 /* ConvolutionReverb.mm in Sources */,
				EB822D572A1D657E00FAA9B5 /* Lookup.m in Sources */,
				EBD7C702275E54F2009A61DA /* Random.m in Sources */,
				EB7001202691D038007F88EE /* Flanger.m in Sources */,
				EB18F7742669077E00EB0E73 /* WaveView.m in Sources */,
				EBC1916B2A21AC3700E13D95 /* LookUpController.m in Sources */,
			);
			runOnlyForDeploymentPostprocessing = 0;
		};
/* End PBXSourcesBuildPhase section */

/* Begin PBXVariantGroup section */
		EB6E386626623E4B002AADCA /* MainMenu.xib */ = {
			isa = PBXVariantGroup;
			children = (
				EB6E386726623E4B002AADCA /* Base */,
			);
			name = MainMenu.xib;
			sourceTree = "<group>";
		};
/* End PBXVariantGroup section */

/* Begin XCBuildConfiguration section */
		EB6E386D26623E4B002AADCA /* Debug */ = {
			isa = XCBuildConfiguration;
			buildSettings = {
				ALWAYS_SEARCH_USER_PATHS = NO;
				CLANG_ANALYZER_NONNULL = YES;
				CLANG_ANALYZER_NUMBER_OBJECT_CONVERSION = YES_AGGRESSIVE;
				CLANG_CXX_LANGUAGE_STANDARD = "gnu++14";
				CLANG_CXX_LIBRARY = "libc++";
				CLANG_ENABLE_MODULES = YES;
				CLANG_ENABLE_OBJC_ARC = YES;
				CLANG_ENABLE_OBJC_WEAK = YES;
				CLANG_WARN_BLOCK_CAPTURE_AUTORELEASING = YES;
				CLANG_WARN_BOOL_CONVERSION = YES;
				CLANG_WARN_COMMA = YES;
				CLANG_WARN_CONSTANT_CONVERSION = YES;
				CLANG_WARN_DEPRECATED_OBJC_IMPLEMENTATIONS = YES;
				CLANG_WARN_DIRECT_OBJC_ISA_USAGE = YES_ERROR;
				CLANG_WARN_DOCUMENTATION_COMMENTS = YES;
				CLANG_WARN_EMPTY_BODY = YES;
				CLANG_WARN_ENUM_CONVERSION = YES;
				CLANG_WARN_INFINITE_RECURSION = YES;
				CLANG_WARN_INT_CONVERSION = YES;
				CLANG_WARN_NON_LITERAL_NULL_CONVERSION = YES;
				CLANG_WARN_OBJC_IMPLICIT_RETAIN_SELF = YES;
				CLANG_WARN_OBJC_LITERAL_CONVERSION = YES;
				CLANG_WARN_OBJC_ROOT_CLASS = YES_ERROR;
				CLANG_WARN_QUOTED_INCLUDE_IN_FRAMEWORK_HEADER = YES;
				CLANG_WARN_RANGE_LOOP_ANALYSIS = YES;
				CLANG_WARN_STRICT_PROTOTYPES = YES;
				CLANG_WARN_SUSPICIOUS_MOVE = YES;
				CLANG_WARN_UNGUARDED_AVAILABILITY = YES_AGGRESSIVE;
				CLANG_WARN_UNREACHABLE_CODE = YES;
				CLANG_WARN__DUPLICATE_METHOD_MATCH = YES;
				COPY_PHASE_STRIP = NO;
				DEAD_CODE_STRIPPING = YES;
				DEBUG_INFORMATION_FORMAT = dwarf;
				ENABLE_STRICT_OBJC_MSGSEND = YES;
				ENABLE_TESTABILITY = YES;
				ENABLE_USER_SCRIPT_SANDBOXING = YES;
				GCC_C_LANGUAGE_STANDARD = gnu11;
				GCC_DYNAMIC_NO_PIC = NO;
				GCC_NO_COMMON_BLOCKS = YES;
				GCC_OPTIMIZATION_LEVEL = 0;
				GCC_PREPROCESSOR_DEFINITIONS = (
					"DEBUG=1",
					"$(inherited)",
				);
				GCC_WARN_64_TO_32_BIT_CONVERSION = YES;
				GCC_WARN_ABOUT_RETURN_TYPE = YES_ERROR;
				GCC_WARN_UNDECLARED_SELECTOR = YES;
				GCC_WARN_UNINITIALIZED_AUTOS = YES_AGGRESSIVE;
				GCC_WARN_UNUSED_FUNCTION = YES;
				GCC_WARN_UNUSED_VARIABLE = YES;
				MACOSX_DEPLOYMENT_TARGET = 11.3;
				MTL_ENABLE_DEBUG_INFO = INCLUDE_SOURCE;
				MTL_FAST_MATH = YES;
				ONLY_ACTIVE_ARCH = YES;
				SDKROOT = macosx;
			};
			name = Debug;
		};
		EB6E386E26623E4B002AADCA /* Release */ = {
			isa = XCBuildConfiguration;
			buildSettings = {
				ALWAYS_SEARCH_USER_PATHS = NO;
				CLANG_ANALYZER_NONNULL = YES;
				CLANG_ANALYZER_NUMBER_OBJECT_CONVERSION = YES_AGGRESSIVE;
				CLANG_CXX_LANGUAGE_STANDARD = "gnu++14";
				CLANG_CXX_LIBRARY = "libc++";
				CLANG_ENABLE_MODULES = YES;
				CLANG_ENABLE_OBJC_ARC = YES;
				CLANG_ENABLE_OBJC_WEAK = YES;
				CLANG_WARN_BLOCK_CAPTURE_AUTORELEASING = YES;
				CLANG_WARN_BOOL_CONVERSION = YES;
				CLANG_WARN_COMMA = YES;
				CLANG_WARN_CONSTANT_CONVERSION = YES;
				CLANG_WARN_DEPRECATED_OBJC_IMPLEMENTATIONS = YES;
				CLANG_WARN_DIRECT_OBJC_ISA_USAGE = YES_ERROR;
				CLANG_WARN_DOCUMENTATION_COMMENTS = YES;
				CLANG_WARN_EMPTY_BODY = YES;
				CLANG_WARN_ENUM_CONVERSION = YES;
				CLANG_WARN_INFINITE_RECURSION = YES;
				CLANG_WARN_INT_CONVERSION = YES;
				CLANG_WARN_NON_LITERAL_NULL_CONVERSION = YES;
				CLANG_WARN_OBJC_IMPLICIT_RETAIN_SELF = YES;
				CLANG_WARN_OBJC_LITERAL_CONVERSION = YES;
				CLANG_WARN_OBJC_ROOT_CLASS = YES_ERROR;
				CLANG_WARN_QUOTED_INCLUDE_IN_FRAMEWORK_HEADER = YES;
				CLANG_WARN_RANGE_LOOP_ANALYSIS = YES;
				CLANG_WARN_STRICT_PROTOTYPES = YES;
				CLANG_WARN_SUSPICIOUS_MOVE = YES;
				CLANG_WARN_UNGUARDED_AVAILABILITY = YES_AGGRESSIVE;
				CLANG_WARN_UNREACHABLE_CODE = YES;
				CLANG_WARN__DUPLICATE_METHOD_MATCH = YES;
				COPY_PHASE_STRIP = NO;
				DEAD_CODE_STRIPPING = YES;
				DEBUG_INFORMATION_FORMAT = "dwarf-with-dsym";
				ENABLE_NS_ASSERTIONS = NO;
				ENABLE_STRICT_OBJC_MSGSEND = YES;
				ENABLE_USER_SCRIPT_SANDBOXING = YES;
				GCC_C_LANGUAGE_STANDARD = gnu11;
				GCC_NO_COMMON_BLOCKS = YES;
				GCC_WARN_64_TO_32_BIT_CONVERSION = YES;
				GCC_WARN_ABOUT_RETURN_TYPE = YES_ERROR;
				GCC_WARN_UNDECLARED_SELECTOR = YES;
				GCC_WARN_UNINITIALIZED_AUTOS = YES_AGGRESSIVE;
				GCC_WARN_UNUSED_FUNCTION = YES;
				GCC_WARN_UNUSED_VARIABLE = YES;
				MACOSX_DEPLOYMENT_TARGET = 11.3;
				MTL_ENABLE_DEBUG_INFO = NO;
				MTL_FAST_MATH = YES;
				SDKROOT = macosx;
			};
			name = Release;
		};
		EB6E387026623E4B002AADCA /* Debug */ = {
			isa = XCBuildConfiguration;
			baseConfigurationReference = 60C2A1564451012BB2F274A6 /* Pods-Going Zero.debug.xcconfig */;
			buildSettings = {
				ASSETCATALOG_COMPILER_APPICON_NAME = AppIcon;
				CLANG_CXX_LANGUAGE_STANDARD = "c++20";
				CLANG_WARN_OBJC_IMPLICIT_RETAIN_SELF = NO;
				CODE_SIGN_ENTITLEMENTS = "Going Zero/Going_Zero.entitlements";
				CODE_SIGN_IDENTITY = "3rd Party Mac Developer Application";
				"CODE_SIGN_IDENTITY[sdk=macosx*]" = "Developer ID Application";
				CODE_SIGN_INJECT_BASE_ENTITLEMENTS = YES;
				CODE_SIGN_STYLE = Manual;
				COMBINE_HIDPI_IMAGES = YES;
				CURRENT_PROJECT_VERSION = 1;
				DEAD_CODE_STRIPPING = YES;
				DEVELOPMENT_TEAM = A386R5WFZ6;
				"DEVELOPMENT_TEAM[sdk=macosx*]" = A386R5WFZ6;
				ENABLE_HARDENED_RUNTIME = NO;
				ENABLE_USER_SCRIPT_SANDBOXING = NO;
				GCC_PREPROCESSOR_DEFINITIONS = (
					"$(inherited)",
					"COCOAPODS=1",
					_LIBCPP_ENABLE_CXX17_REMOVED_UNARY_BINARY_FUNCTION,
				);
				HEADER_SEARCH_PATHS = (
					"$(inherited)",
					/usr/local/include,
					/opt/homebrew/opt/eigen/include/eigen3,
				);
				INFOPLIST_FILE = "Going Zero/Info.plist";
				INFOPLIST_KEY_LSApplicationCategoryType = "public.app-category.entertainment";
				LD_RUNPATH_SEARCH_PATHS = (
					"$(inherited)",
					"@executable_path/../Frameworks",
				);
				LIBRARY_SEARCH_PATHS = (
					/usr/local/lib,
					/opt/homebrew/lib,
					/opt/homebrew/Cellar/taglib/1.13.1/lib,
					/opt/homebrew/Cellar/bzip2/1.0.8/lib/,
				);
				MACOSX_DEPLOYMENT_TARGET = 13.0;
				MARKETING_VERSION = 1.0.1;
				OTHER_CODE_SIGN_FLAGS = "--timestamp --options=runtime";
				OTHER_LDFLAGS = (
					"$(inherited)",
					"-framework",
					"\"CFNetwork\"",
					"-framework",
					"\"F53OSC\"",
					"-framework",
					"\"Security\"",
					"-lyaml",
					"-lswresample",
					"-ltag",
					"-lsamplerate",
					"-lavutil",
					"-lavformat",
					"-lavcodec",
					"-lfftw3f",
					"-lz",
					"-lbz2",
					"-lchromaprint",
					"-liconv",
				);
				PRODUCT_BUNDLE_IDENTIFIER = "com.kyab.Going-Zero";
				PRODUCT_NAME = "$(TARGET_NAME)";
				PROVISIONING_PROFILE_SPECIFIER = "";
			};
			name = Debug;
		};
		EB6E387126623E4B002AADCA /* Release */ = {
			isa = XCBuildConfiguration;
			baseConfigurationReference = 3636DE1F11DA5B51B887C549 /* Pods-Going Zero.release.xcconfig */;
			buildSettings = {
				ASSETCATALOG_COMPILER_APPICON_NAME = AppIcon;
				CLANG_CXX_LANGUAGE_STANDARD = "c++20";
				CLANG_WARN_OBJC_IMPLICIT_RETAIN_SELF = NO;
				CODE_SIGN_ENTITLEMENTS = "Going Zero/Going_Zero.entitlements";
				CODE_SIGN_IDENTITY = "Apple Development";
				"CODE_SIGN_IDENTITY[sdk=macosx*]" = "Developer ID Application";
				CODE_SIGN_INJECT_BASE_ENTITLEMENTS = NO;
				CODE_SIGN_STYLE = Manual;
				COMBINE_HIDPI_IMAGES = YES;
				CURRENT_PROJECT_VERSION = 1;
				DEAD_CODE_STRIPPING = YES;
				DEVELOPMENT_TEAM = "";
				"DEVELOPMENT_TEAM[sdk=macosx*]" = A386R5WFZ6;
				ENABLE_HARDENED_RUNTIME = YES;
				ENABLE_USER_SCRIPT_SANDBOXING = NO;
				GCC_PREPROCESSOR_DEFINITIONS = (
					"$(inherited)",
					"COCOAPODS=1",
					_LIBCPP_ENABLE_CXX17_REMOVED_UNARY_BINARY_FUNCTION,
				);
				HEADER_SEARCH_PATHS = (
					"$(inherited)",
					/usr/local/include,
					/opt/homebrew/opt/eigen/include/eigen3,
				);
				INFOPLIST_FILE = "Going Zero/Info.plist";
				INFOPLIST_KEY_LSApplicationCategoryType = "public.app-category.entertainment";
				LD_RUNPATH_SEARCH_PATHS = (
					"$(inherited)",
					"@executable_path/../Frameworks",
				);
				LIBRARY_SEARCH_PATHS = (
					/usr/local/lib,
					/opt/homebrew/lib,
					/opt/homebrew/Cellar/taglib/1.13.1/lib,
					/opt/homebrew/Cellar/bzip2/1.0.8/lib/,
				);
				MACOSX_DEPLOYMENT_TARGET = 13.0;
				MARKETING_VERSION = 1.0.1;
				OTHER_CODE_SIGN_FLAGS = "--timestamp --options=runtime";
				OTHER_LDFLAGS = (
					"$(inherited)",
					"-framework",
					"\"CFNetwork\"",
					"-framework",
					"\"F53OSC\"",
					"-framework",
					"\"Security\"",
					"-lyaml",
					"-lswresample",
					"-ltag",
					"-lsamplerate",
					"-lavutil",
					"-lavformat",
					"-lavcodec",
					"-lfftw3f",
					"-lz",
					"-lbz2",
					"-lchromaprint",
					"-liconv",
				);
				PRODUCT_BUNDLE_IDENTIFIER = "com.kyab.Going-Zero";
				PRODUCT_NAME = "$(TARGET_NAME)";
				PROVISIONING_PROFILE_SPECIFIER = "";
			};
			name = Release;
		};
/* End XCBuildConfiguration section */

/* Begin XCConfigurationList section */
		EB6E385926623E4A002AADCA /* Build configuration list for PBXProject "Going Zero" */ = {
			isa = XCConfigurationList;
			buildConfigurations = (
				EB6E386D26623E4B002AADCA /* Debug */,
				EB6E386E26623E4B002AADCA /* Release */,
			);
			defaultConfigurationIsVisible = 0;
			defaultConfigurationName = Release;
		};
		EB6E386F26623E4B002AADCA /* Build configuration list for PBXNativeTarget "Going Zero" */ = {
			isa = XCConfigurationList;
			buildConfigurations = (
				EB6E387026623E4B002AADCA /* Debug */,
				EB6E387126623E4B002AADCA /* Release */,
			);
			defaultConfigurationIsVisible = 0;
			defaultConfigurationName = Release;
		};
/* End XCConfigurationList section */
	};
	rootObject = EB6E385626623E4A002AADCA /* Project object */;
}
